
Microsoft Visual Studio Solution File, Format Version 12.00
# Visual Studio Version 17
VisualStudioVersion = 17.2.32630.192
MinimumVisualStudioVersion = 10.0.40219.1
Project("{9A19103F-16F7-4668-BE54-9A1E7A4F7556}") = "OngProject", "OngProject\OngProject.csproj", "{4F43CE39-A0A2-4130-83A2-EFDC4AEB669E}"
EndProject
Project("{9A19103F-16F7-4668-BE54-9A1E7A4F7556}") = "Tests", "Tests\Tests.csproj", "{93FE07A4-4771-4971-9E45-0756EEF2121D}"
EndProject
Global
	GlobalSection(SolutionConfigurationPlatforms) = preSolution
		Debug|Any CPU = Debug|Any CPU
		Release|Any CPU = Release|Any CPU
	EndGlobalSection
	GlobalSection(ProjectConfigurationPlatforms) = postSolution
		{4F43CE39-A0A2-4130-83A2-EFDC4AEB669E}.Debug|Any CPU.ActiveCfg = Debug|Any CPU
		{4F43CE39-A0A2-4130-83A2-EFDC4AEB669E}.Debug|Any CPU.Build.0 = Debug|Any CPU
		{4F43CE39-A0A2-4130-83A2-EFDC4AEB669E}.Release|Any CPU.ActiveCfg = Release|Any CPU
		{4F43CE39-A0A2-4130-83A2-EFDC4AEB669E}.Release|Any CPU.Build.0 = Release|Any CPU
		{93FE07A4-4771-4971-9E45-0756EEF2121D}.Debug|Any CPU.ActiveCfg = Debug|Any CPU
		{93FE07A4-4771-4971-9E45-0756EEF2121D}.Debug|Any CPU.Build.0 = Debug|Any CPU
		{93FE07A4-4771-4971-9E45-0756EEF2121D}.Release|Any CPU.ActiveCfg = Release|Any CPU
		{93FE07A4-4771-4971-9E45-0756EEF2121D}.Release|Any CPU.Build.0 = Release|Any CPU
	EndGlobalSection
	GlobalSection(SolutionProperties) = preSolution
		HideSolutionNode = FALSE
	EndGlobalSection
	GlobalSection(ExtensibilityGlobals) = postSolution
		SolutionGuid = {6D98DB81-7946-4A80-84D4-C2BD55E99DE3}
	EndGlobalSection
EndGlobal
